// !$*UTF8*$!
{
	archiveVersion = 1;
	classes = {
	};
	objectVersion = 46;
	objects = {

/* Begin PBXBuildFile section */
		870E13B41DCCC34100FA9969 /* main.m in Sources */ = {isa = PBXBuildFile; fileRef = 870E13B31DCCC34100FA9969 /* main.m */; };
		870E13B71DCCC34100FA9969 /* AppDelegate.m in Sources */ = {isa = PBXBuildFile; fileRef = 870E13B61DCCC34100FA9969 /* AppDelegate.m */; };
		870E13BA1DCCC34100FA9969 /* ViewController.m in Sources */ = {isa = PBXBuildFile; fileRef = 870E13B91DCCC34100FA9969 /* ViewController.m */; };
		870E13BD1DCCC34100FA9969 /* Main.storyboard in Resources */ = {isa = PBXBuildFile; fileRef = 870E13BB1DCCC34100FA9969 /* Main.storyboard */; };
		870E13BF1DCCC34100FA9969 /* Assets.xcassets in Resources */ = {isa = PBXBuildFile; fileRef = 870E13BE1DCCC34100FA9969 /* Assets.xcassets */; };
		870E13C21DCCC34100FA9969 /* LaunchScreen.storyboard in Resources */ = {isa = PBXBuildFile; fileRef = 870E13C01DCCC34100FA9969 /* LaunchScreen.storyboard */; };
		870E13CB1DCCC36B00FA9969 /* ZQSegmentedControl.m in Sources */ = {isa = PBXBuildFile; fileRef = 870E13CA1DCCC36B00FA9969 /* ZQSegmentedControl.m */; };
/* End PBXBuildFile section */

/* Begin PBXFileReference section */
		870E13AF1DCCC34100FA9969 /* ZQSegmentedControlExample.app */ = {isa = PBXFileReference; explicitFileType = wrapper.application; includeInIndex = 0; path = ZQSegmentedControlExample.app; sourceTree = BUILT_PRODUCTS_DIR; };
		870E13B31DCCC34100FA9969 /* main.m */ = {isa = PBXFileReference; lastKnownFileType = sourcecode.c.objc; path = main.m; sourceTree = "<group>"; };
		870E13B51DCCC34100FA9969 /* AppDelegate.h */ = {isa = PBXFileReference; lastKnownFileType = sourcecode.c.h; path = AppDelegate.h; sourceTree = "<group>"; };
		870E13B61DCCC34100FA9969 /* AppDelegate.m */ = {isa = PBXFileReference; lastKnownFileType = sourcecode.c.objc; path = AppDelegate.m; sourceTree = "<group>"; };
		870E13B81DCCC34100FA9969 /* ViewController.h */ = {isa = PBXFileReference; lastKnownFileType = sourcecode.c.h; path = ViewController.h; sourceTree = "<group>"; };
		870E13B91DCCC34100FA9969 /* ViewController.m */ = {isa = PBXFileReference; lastKnownFileType = sourcecode.c.objc; path = ViewController.m; sourceTree = "<group>"; };
		870E13BC1DCCC34100FA9969 /* Base */ = {isa = PBXFileReference; lastKnownFileType = file.storyboard; name = Base; path = Base.lproj/Main.storyboard; sourceTree = "<group>"; };
		870E13BE1DCCC34100FA9969 /* Assets.xcassets */ = {isa = PBXFileReference; lastKnownFileType = folder.assetcatalog; path = Assets.xcassets; sourceTree = "<group>"; };
		870E13C11DCCC34100FA9969 /* Base */ = {isa = PBXFileReference; lastKnownFileType = file.storyboard; name = Base; path = Base.lproj/LaunchScreen.storyboard; sourceTree = "<group>"; };
		870E13C31DCCC34100FA9969 /* Info.plist */ = {isa = PBXFileReference; lastKnownFileType = text.plist.xml; path = Info.plist; sourceTree = "<group>"; };
		870E13C91DCCC36B00FA9969 /* ZQSegmentedControl.h */ = {isa = PBXFileReference; fileEncoding = 4; lastKnownFileType = sourcecode.c.h; name = ZQSegmentedControl.h; path = ../ZQSegmentedControl/ZQSegmentedControl.h; sourceTree = "<group>"; };
		870E13CA1DCCC36B00FA9969 /* ZQSegmentedControl.m */ = {isa = PBXFileReference; fileEncoding = 4; lastKnownFileType = sourcecode.c.objc; name = ZQSegmentedControl.m; path = ../ZQSegmentedControl/ZQSegmentedControl.m; sourceTree = "<group>"; };
/* End PBXFileReference section */

/* Begin PBXFrameworksBuildPhase section */
		870E13AC1DCCC34100FA9969 /* Frameworks */ = {
			isa = PBXFrameworksBuildPhase;
			buildActionMask = 2147483647;
			files = (
			);
			runOnlyForDeploymentPostprocessing = 0;
		};
/* End PBXFrameworksBuildPhase section */

/* Begin PBXGroup section */
		870E13A61DCCC34100FA9969 = {
			isa = PBXGroup;
			children = (
				870E13CC1DCCC37000FA9969 /* ZQSegmentedControl */,
				870E13B11DCCC34100FA9969 /* ZQSegmentedControlExample */,
				870E13B01DCCC34100FA9969 /* Products */,
			);
			sourceTree = "<group>";
		};
		870E13B01DCCC34100FA9969 /* Products */ = {
			isa = PBXGroup;
			children = (
				870E13AF1DCCC34100FA9969 /* ZQSegmentedControlExample.app */,
			);
			name = Products;
			sourceTree = "<group>";
		};
		870E13B11DCCC34100FA9969 /* ZQSegmentedControlExample */ = {
			isa = PBXGroup;
			children = (
				870E13B51DCCC34100FA9969 /* AppDelegate.h */,
				870E13B61DCCC34100FA9969 /* AppDelegate.m */,
				870E13B81DCCC34100FA9969 /* ViewController.h */,
				870E13B91DCCC34100FA9969 /* ViewController.m */,
				870E13BB1DCCC34100FA9969 /* Main.storyboard */,
				870E13BE1DCCC34100FA9969 /* Assets.xcassets */,
				870E13C01DCCC34100FA9969 /* LaunchScreen.storyboard */,
				870E13C31DCCC34100FA9969 /* Info.plist */,
				870E13B21DCCC34100FA9969 /* Supporting Files */,
			);
			path = ZQSegmentedControlExample;
			sourceTree = "<group>";
		};
		870E13B21DCCC34100FA9969 /* Supporting Files */ = {
			isa = PBXGroup;
			children = (
				870E13B31DCCC34100FA9969 /* main.m */,
			);
			name = "Supporting Files";
			sourceTree = "<group>";
		};
		870E13CC1DCCC37000FA9969 /* ZQSegmentedControl */ = {
			isa = PBXGroup;
			children = (
				870E13C91DCCC36B00FA9969 /* ZQSegmentedControl.h */,
				870E13CA1DCCC36B00FA9969 /* ZQSegmentedControl.m */,
			);
			name = ZQSegmentedControl;
			sourceTree = "<group>";
		};
/* End PBXGroup section */

/* Begin PBXNativeTarget section */
		870E13AE1DCCC34100FA9969 /* ZQSegmentedControlExample */ = {
			isa = PBXNativeTarget;
			buildConfigurationList = 870E13C61DCCC34100FA9969 /* Build configuration list for PBXNativeTarget "ZQSegmentedControlExample" */;
			buildPhases = (
				870E13AB1DCCC34100FA9969 /* Sources */,
				870E13AC1DCCC34100FA9969 /* Frameworks */,
				870E13AD1DCCC34100FA9969 /* Resources */,
			);
			buildRules = (
			);
			dependencies = (
			);
			name = ZQSegmentedControlExample;
			productName = ZQSegmentedControlExample;
			productReference = 870E13AF1DCCC34100FA9969 /* ZQSegmentedControlExample.app */;
			productType = "com.apple.product-type.application";
		};
/* End PBXNativeTarget section */

/* Begin PBXProject section */
		870E13A71DCCC34100FA9969 /* Project object */ = {
			isa = PBXProject;
			attributes = {
				LastUpgradeCheck = 0810;
				ORGANIZATIONNAME = ZachQin;
				TargetAttributes = {
					870E13AE1DCCC34100FA9969 = {
						CreatedOnToolsVersion = 8.1;
						ProvisioningStyle = Automatic;
					};
				};
			};
			buildConfigurationList = 870E13AA1DCCC34100FA9969 /* Build configuration list for PBXProject "ZQSegmentedControlExample" */;
			compatibilityVersion = "Xcode 3.2";
			developmentRegion = English;
			hasScannedForEncodings = 0;
			knownRegions = (
				en,
				Base,
			);
			mainGroup = 870E13A61DCCC34100FA9969;
			productRefGroup = 870E13B01DCCC34100FA9969 /* Products */;
			projectDirPath = "";
			projectRoot = "";
			targets = (
				870E13AE1DCCC34100FA9969 /* ZQSegmentedControlExample */,
			);
		};
/* End PBXProject section */

/* Begin PBXResourcesBuildPhase section */
		870E13AD1DCCC34100FA9969 /* Resources */ = {
			isa = PBXResourcesBuildPhase;
			buildActionMask = 2147483647;
			files = (
				870E13C21DCCC34100FA9969 /* LaunchScreen.storyboard in Resources */,
				870E13BF1DCCC34100FA9969 /* Assets.xcassets in Resources */,
				870E13BD1DCCC34100FA9969 /* Main.storyboard in Resources */,
			);
			runOnlyForDeploymentPostprocessing = 0;
		};
/* End PBXResourcesBuildPhase section */

/* Begin PBXSourcesBuildPhase section */
		870E13AB1DCCC34100FA9969 /* Sources */ = {
			isa = PBXSourcesBuildPhase;
			buildActionMask = 2147483647;
			files = (
				870E13BA1DCCC34100FA9969 /* ViewController.m in Sources */,
				870E13B71DCCC34100FA9969 /* AppDelegate.m in Sources */,
				870E13B41DCCC34100FA9969 /* main.m in Sources */,
				870E13CB1DCCC36B00FA9969 /* ZQSegmentedControl.m in Sources */,
			);
			runOnlyForDeploymentPostprocessing = 0;
		};
/* End PBXSourcesBuildPhase section */

/* Begin PBXVariantGroup section */
		870E13BB1DCCC34100FA9969 /* Main.storyboard */ = {
			isa = PBXVariantGroup;
			children = (
				870E13BC1DCCC34100FA9969 /* Base */,
			);
			name = Main.storyboard;
			sourceTree = "<group>";
		};
		870E13C01DCCC34100FA9969 /* LaunchScreen.storyboard */ = {
			isa = PBXVariantGroup;
			children = (
				870E13C11DCCC34100FA9969 /* Base */,
			);
			name = LaunchScreen.storyboard;
			sourceTree = "<group>";
		};
/* End PBXVariantGroup section */

/* Begin XCBuildConfiguration section */
		870E13C41DCCC34100FA9969 /* Debug */ = {
			isa = XCBuildConfiguration;
			buildSettings = {
				ALWAYS_SEARCH_USER_PATHS = NO;
				CLANG_ANALYZER_NONNULL = YES;
				CLANG_CXX_LANGUAGE_STANDARD = "gnu++0x";
				CLANG_CXX_LIBRARY = "libc++";
				CLANG_ENABLE_MODULES = YES;
				CLANG_ENABLE_OBJC_ARC = YES;
				CLANG_WARN_BOOL_CONVERSION = YES;
				CLANG_WARN_CONSTANT_CONVERSION = YES;
				CLANG_WARN_DIRECT_OBJC_ISA_USAGE = YES_ERROR;
				CLANG_WARN_DOCUMENTATION_COMMENTS = YES;
				CLANG_WARN_EMPTY_BODY = YES;
				CLANG_WARN_ENUM_CONVERSION = YES;
				CLANG_WARN_INFINITE_RECURSION = YES;
				CLANG_WARN_INT_CONVERSION = YES;
				CLANG_WARN_OBJC_ROOT_CLASS = YES_ERROR;
				CLANG_WARN_SUSPICIOUS_MOVES = YES;
				CLANG_WARN_UNREACHABLE_CODE = YES;
				CLANG_WARN__DUPLICATE_METHOD_MATCH = YES;
				"CODE_SIGN_IDENTITY[sdk=iphoneos*]" = "iPhone Developer";
				COPY_PHASE_STRIP = NO;
				DEBUG_INFORMATION_FORMAT = dwarf;
				ENABLE_STRICT_OBJC_MSGSEND = YES;
				ENABLE_TESTABILITY = YES;
				GCC_C_LANGUAGE_STANDARD = gnu99;
				GCC_DYNAMIC_NO_PIC = NO;
				GCC_NO_COMMON_BLOCKS = YES;
				GCC_OPTIMIZATION_LEVEL = 0;
				GCC_PREPROCESSOR_DEFINITIONS = (
					"DEBUG=1",
					"$(inherited)",
				);
				GCC_WARN_64_TO_32_BIT_CONVERSION = YES;
				GCC_WARN_ABOUT_RETURN_TYPE = YES_ERROR;
				GCC_WARN_UNDECLARED_SELECTOR = YES;
				GCC_WARN_UNINITIALIZED_AUTOS = YES_AGGRESSIVE;
				GCC_WARN_UNUSED_FUNCTION = YES;
				GCC_WARN_UNUSED_VARIABLE = YES;
				IPHONEOS_DEPLOYMENT_TARGET = 10.1;
				MTL_ENABLE_DEBUG_INFO = YES;
				ONLY_ACTIVE_ARCH = YES;
				SDKROOT = iphoneos;
				TARGETED_DEVICE_FAMILY = "1,2";
			};
			name = Debug;
		};
		870E13C51DCCC34100FA9969 /* Release */ = {
			isa = XCBuildConfiguration;
			buildSettings = {
				ALWAYS_SEARCH_USER_PATHS = NO;
				CLANG_ANALYZER_NONNULL = YES;
				CLANG_CXX_LANGUAGE_STANDARD = "gnu++0x";
				CLANG_CXX_LIBRARY = "libc++";
				CLANG_ENABLE_MODULES = YES;
				CLANG_ENABLE_OBJC_ARC = YES;
				CLANG_WARN_BOOL_CONVERSION = YES;
				CLANG_WARN_CONSTANT_CONVERSION = YES;
				CLANG_WARN_DIRECT_OBJC_ISA_USAGE = YES_ERROR;
				CLANG_WARN_DOCUMENTATION_COMMENTS = YES;
				CLANG_WARN_EMPTY_BODY = YES;
				CLANG_WARN_ENUM_CONVERSION = YES;
				CLANG_WARN_INFINITE_RECURSION = YES;
				CLANG_WARN_INT_CONVERSION = YES;
				CLANG_WARN_OBJC_ROOT_CLASS = YES_ERROR;
				CLANG_WARN_SUSPICIOUS_MOVES = YES;
				CLANG_WARN_UNREACHABLE_CODE = YES;
				CLANG_WARN__DUPLICATE_METHOD_MATCH = YES;
				"CODE_SIGN_IDENTITY[sdk=iphoneos*]" = "iPhone Developer";
				COPY_PHASE_STRIP = NO;
				DEBUG_INFORMATION_FORMAT = "dwarf-with-dsym";
				ENABLE_NS_ASSERTIONS = NO;
				ENABLE_STRICT_OBJC_MSGSEND = YES;
				GCC_C_LANGUAGE_STANDARD = gnu99;
				GCC_NO_COMMON_BLOCKS = YES;
				GCC_WARN_64_TO_32_BIT_CONVERSION = YES;
				GCC_WARN_ABOUT_RETURN_TYPE = YES_ERROR;
				GCC_WARN_UNDECLARED_SELECTOR = YES;
				GCC_WARN_UNINITIALIZED_AUTOS = YES_AGGRESSIVE;
				GCC_WARN_UNUSED_FUNCTION = YES;
				GCC_WARN_UNUSED_VARIABLE = YES;
				IPHONEOS_DEPLOYMENT_TARGET = 10.1;
				MTL_ENABLE_DEBUG_INFO = NO;
				SDKROOT = iphoneos;
				TARGETED_DEVICE_FAMILY = "1,2";
				VALIDATE_PRODUCT = YES;
			};
			name = Release;
		};
		870E13C71DCCC34100FA9969 /* Debug */ = {
			isa = XCBuildConfiguration;
			buildSettings = {
				ASSETCATALOG_COMPILER_APPICON_NAME = AppIcon;
				INFOPLIST_FILE = ZQSegmentedControlExample/Info.plist;
				LD_RUNPATH_SEARCH_PATHS = "$(inherited) @executable_path/Frameworks";
				PRODUCT_BUNDLE_IDENTIFIER = ZachQin.ZQSegmentedControlExample;
				PRODUCT_NAME = "$(TARGET_NAME)";
			};
			name = Debug;
		};
		870E13C81DCCC34100FA9969 /* Release */ = {
			isa = XCBuildConfiguration;
			buildSettings = {
				ASSETCATALOG_COMPILER_APPICON_NAME = AppIcon;
				INFOPLIST_FILE = ZQSegmentedControlExample/Info.plist;
				LD_RUNPATH_SEARCH_PATHS = "$(inherited) @executable_path/Frameworks";
				PRODUCT_BUNDLE_IDENTIFIER = ZachQin.ZQSegmentedControlExample;
				PRODUCT_NAME = "$(TARGET_NAME)";
			};
			name = Release;
		};
/* End XCBuildConfiguration section */

/* Begin XCConfigurationList section */
		870E13AA1DCCC34100FA9969 /* Build configuration list for PBXProject "ZQSegmentedControlExample" */ = {
			isa = XCConfigurationList;
			buildConfigurations = (
				870E13C41DCCC34100FA9969 /* Debug */,
				870E13C51DCCC34100FA9969 /* Release */,
			);
			defaultConfigurationIsVisible = 0;
			defaultConfigurationName = Release;
		};
		870E13C61DCCC34100FA9969 /* Build configuration list for PBXNativeTarget "ZQSegmentedControlExample" */ = {
			isa = XCConfigurationList;
			buildConfigurations = (
				870E13C71DCCC34100FA9969 /* Debug */,
				870E13C81DCCC34100FA9969 /* Release */,
			);
			defaultConfigurationIsVisible = 0;
		};
/* End XCConfigurationList section */
	};
	rootObject = 870E13A71DCCC34100FA9969 /* Project object */;
}
